{
    "_meta": {
        "hash": {
            "sha256": "c3703f1a6b29923bbb00d624c32c1cc073bc1a9a086beaa956e1383b019ca29b"
        },
        "host-environment-markers": {
            "implementation_name": "cpython",
            "implementation_version": "0",
            "os_name": "posix",
            "platform_machine": "x86_64",
            "platform_python_implementation": "CPython",
            "platform_release": "4.10.0-42-generic",
            "platform_system": "Linux",
            "platform_version": "#46~16.04.1-Ubuntu SMP Mon Dec 4 15:57:59 UTC 2017",
            "python_full_version": "2.7.12",
            "python_version": "2.7",
            "sys_platform": "linux2"
        },
        "pipfile-spec": 6,
        "requires": {},
        "sources": [
            {
                "name": "pypi",
                "url": "https://pypi.python.org/simple",
                "verify_ssl": true
            }
        ]
    },
    "default": {
        "click": {
            "hashes": [
                "sha256:29f99fc6125fbc931b758dc053b3114e55c77a6e4c6c3a2674a2dc986016381d",
                "sha256:f15516df478d5a56180fbf80e68f206010e6d160fc39fa508b65e035fd75130b"
            ],
            "version": "==6.7"
        },
        "path.py": {
            "hashes": [
                "sha256:3038968a2e8fc8e5d505586149cf583860e7321bf3d3ac01308dbc089b1d8c3d",
                "sha256:63a7af08676668fd51750f111affbd38c1a13c61aba15c6665b16681771c79a8"
            ],
            "version": "==10.5"
        },
        "pyotp": {
            "hashes": [
                "sha256:8f0df1fcf9e86cec41f0a31c91212b1a04fca6dd353426917222b21864b9310b",
                "sha256:dd9130dd91a0340d89a0f06f887dbd76dd07fb95a8886dc4bc401239f2eebd69"
            ],
            "version": "==2.2.6"
        },
        "toml": {
            "hashes": [
                "sha256:8e86bd6ce8cc11b9620cb637466453d94f5d57ad86f17e98a98d1f73e3baab2d"
            ],
            "version": "==0.9.4"
        }
    },
    "develop": {}
}
