{
    "_meta": {
        "hash": {
            "sha256": "fb99facc940702439298c4fe664c93ce69d86f9c2cddb7a1401dfa925f5b997a"
        },
        "host-environment-markers": {
            "implementation_name": "cpython",
            "implementation_version": "0",
            "os_name": "posix",
            "platform_machine": "x86_64",
            "platform_python_implementation": "CPython",
            "platform_release": "4.13.0-39-generic",
            "platform_system": "Linux",
            "platform_version": "#44~16.04.1-Ubuntu SMP Thu Apr 5 16:43:10 UTC 2018",
            "python_full_version": "2.7.12",
            "python_version": "2.7",
            "sys_platform": "linux2"
        },
        "pipfile-spec": 6,
        "requires": {},
        "sources": [
            {
                "name": "pypi",
                "url": "https://pypi.python.org/simple",
                "verify_ssl": true
            }
        ]
    },
    "default": {
        "click": {
            "hashes": [
                "sha256:29f99fc6125fbc931b758dc053b3114e55c77a6e4c6c3a2674a2dc986016381d",
                "sha256:f15516df478d5a56180fbf80e68f206010e6d160fc39fa508b65e035fd75130b"
            ],
            "version": "==6.7"
        },
        "path.py": {
            "hashes": [
                "sha256:5a1e7bebc8c53074dca772a30fecfe5408b16f201a887bef0159f9cb7d1c5f5a",
                "sha256:e7eb9d0ca4110d9b4d7c9baa0696d8c94f837d622409cefc5ec9e7c3d02ea11f"
            ],
            "version": "==11.0.1"
        },
        "pyotp": {
            "hashes": [
                "sha256:8f0df1fcf9e86cec41f0a31c91212b1a04fca6dd353426917222b21864b9310b",
                "sha256:dd9130dd91a0340d89a0f06f887dbd76dd07fb95a8886dc4bc401239f2eebd69"
            ],
            "version": "==2.2.6"
        },
        "toml": {
            "hashes": [
                "sha256:8e86bd6ce8cc11b9620cb637466453d94f5d57ad86f17e98a98d1f73e3baab2d"
            ],
            "version": "==0.9.4"
        }
    },
    "develop": {
        "nuitka": {
            "hashes": [
                "sha256:a4e60b5b23ed2f691082ed028a7e7d3cf4a0eafe9b81aab78c88343764669bab"
            ],
            "version": "==0.5.29.5"
        },
        "scons": {
            "hashes": [
                "sha256:24475e38d39c19683bc88054524df018fe6949d70fbd4c69e298d39a0269f173"
            ],
            "version": "==3.0.1"
        }
    }
}
